// !$*UTF8*$!
{
	archiveVersion = 1;
	classes = {
	};
	objectVersion = 50;
	objects = {

/* Begin PBXBuildFile section */
		789D675D2343418700139F80 /* AppDelegate.swift in Sources */ = {isa = PBXBuildFile; fileRef = 789D675C2343418700139F80 /* AppDelegate.swift */; };
		789D675F2343418700139F80 /* SceneDelegate.swift in Sources */ = {isa = PBXBuildFile; fileRef = 789D675E2343418700139F80 /* SceneDelegate.swift */; };
		789D67662343418700139F80 /* Assets.xcassets in Resources */ = {isa = PBXBuildFile; fileRef = 789D67652343418700139F80 /* Assets.xcassets */; };
		789D67692343418700139F80 /* LaunchScreen.storyboard in Resources */ = {isa = PBXBuildFile; fileRef = 789D67672343418700139F80 /* LaunchScreen.storyboard */; };
		789D677D2343783A00139F80 /* MainViewController.swift in Sources */ = {isa = PBXBuildFile; fileRef = 789D677C2343783A00139F80 /* MainViewController.swift */; };
		789D677F2343785500139F80 /* CategoryViewController.swift in Sources */ = {isa = PBXBuildFile; fileRef = 789D677E2343785500139F80 /* CategoryViewController.swift */; };
		789D678123437A7600139F80 /* CategoryTableViewCell.swift in Sources */ = {isa = PBXBuildFile; fileRef = 789D678023437A7600139F80 /* CategoryTableViewCell.swift */; };
		789D678423438D3A00139F80 /* ShopListViewController.swift in Sources */ = {isa = PBXBuildFile; fileRef = 789D678323438D3A00139F80 /* ShopListViewController.swift */; };
		789D678623438F9400139F80 /* ShopItemViewCell.swift in Sources */ = {isa = PBXBuildFile; fileRef = 789D678523438F9400139F80 /* ShopItemViewCell.swift */; };
		789D678B2344C75500139F80 /* roboto.ttf in Resources */ = {isa = PBXBuildFile; fileRef = 789D678A2344C75000139F80 /* roboto.ttf */; };
		789D679E2344CCF600139F80 /* DataLoader.swift in Sources */ = {isa = PBXBuildFile; fileRef = 789D679D2344CCF600139F80 /* DataLoader.swift */; };
		789D67A02344D88700139F80 /* PersistanceData.swift in Sources */ = {isa = PBXBuildFile; fileRef = 789D679F2344D88700139F80 /* PersistanceData.swift */; };
		789D67A22344E15700139F80 /* DataNow.swift in Sources */ = {isa = PBXBuildFile; fileRef = 789D67A12344E15700139F80 /* DataNow.swift */; };
		789D67A523451EC200139F80 /* SubCategoryViewController.swift in Sources */ = {isa = PBXBuildFile; fileRef = 789D67A423451EC200139F80 /* SubCategoryViewController.swift */; };
		789D67C723476E1800139F80 /* ImageShopItemCell.swift in Sources */ = {isa = PBXBuildFile; fileRef = 789D67C623476E1800139F80 /* ImageShopItemCell.swift */; };
		789D67CA2347777A00139F80 /* CartItemController.swift in Sources */ = {isa = PBXBuildFile; fileRef = 789D67C92347777A00139F80 /* CartItemController.swift */; };
		78A5B3092347D88900DB52BD /* Roboto-Regular.ttf in Resources */ = {isa = PBXBuildFile; fileRef = 78A5B3082347D62100DB52BD /* Roboto-Regular.ttf */; };
		78A5B30B23493FBB00DB52BD /* CustomPageControl.swift in Sources */ = {isa = PBXBuildFile; fileRef = 78A5B30A23493FBB00DB52BD /* CustomPageControl.swift */; };
		78A5B30D2349D13D00DB52BD /* SizeView.swift in Sources */ = {isa = PBXBuildFile; fileRef = 78A5B30C2349D13D00DB52BD /* SizeView.swift */; };
/* End PBXBuildFile section */

/* Begin PBXFileReference section */
		789D67592343418700139F80 /* Shop.app */ = {isa = PBXFileReference; explicitFileType = wrapper.application; includeInIndex = 0; path = Shop.app; sourceTree = BUILT_PRODUCTS_DIR; };
		789D675C2343418700139F80 /* AppDelegate.swift */ = {isa = PBXFileReference; lastKnownFileType = sourcecode.swift; path = AppDelegate.swift; sourceTree = "<group>"; };
		789D675E2343418700139F80 /* SceneDelegate.swift */ = {isa = PBXFileReference; lastKnownFileType = sourcecode.swift; path = SceneDelegate.swift; sourceTree = "<group>"; };
		789D67652343418700139F80 /* Assets.xcassets */ = {isa = PBXFileReference; lastKnownFileType = folder.assetcatalog; path = Assets.xcassets; sourceTree = "<group>"; };
		789D67682343418700139F80 /* Base */ = {isa = PBXFileReference; lastKnownFileType = file.storyboard; name = Base; path = Base.lproj/LaunchScreen.storyboard; sourceTree = "<group>"; };
		789D676A2343418700139F80 /* Info.plist */ = {isa = PBXFileReference; lastKnownFileType = text.plist.xml; path = Info.plist; sourceTree = "<group>"; };
		789D677C2343783A00139F80 /* MainViewController.swift */ = {isa = PBXFileReference; lastKnownFileType = sourcecode.swift; path = MainViewController.swift; sourceTree = "<group>"; };
		789D677E2343785500139F80 /* CategoryViewController.swift */ = {isa = PBXFileReference; lastKnownFileType = sourcecode.swift; path = CategoryViewController.swift; sourceTree = "<group>"; };
		789D678023437A7600139F80 /* CategoryTableViewCell.swift */ = {isa = PBXFileReference; lastKnownFileType = sourcecode.swift; path = CategoryTableViewCell.swift; sourceTree = "<group>"; };
		789D678323438D3A00139F80 /* ShopListViewController.swift */ = {isa = PBXFileReference; lastKnownFileType = sourcecode.swift; path = ShopListViewController.swift; sourceTree = "<group>"; };
		789D678523438F9400139F80 /* ShopItemViewCell.swift */ = {isa = PBXFileReference; lastKnownFileType = sourcecode.swift; path = ShopItemViewCell.swift; sourceTree = "<group>"; };
		789D678A2344C75000139F80 /* roboto.ttf */ = {isa = PBXFileReference; lastKnownFileType = file; path = roboto.ttf; sourceTree = "<group>"; };
		789D679D2344CCF600139F80 /* DataLoader.swift */ = {isa = PBXFileReference; lastKnownFileType = sourcecode.swift; path = DataLoader.swift; sourceTree = "<group>"; };
		789D679F2344D88700139F80 /* PersistanceData.swift */ = {isa = PBXFileReference; lastKnownFileType = sourcecode.swift; path = PersistanceData.swift; sourceTree = "<group>"; };
		789D67A12344E15700139F80 /* DataNow.swift */ = {isa = PBXFileReference; lastKnownFileType = sourcecode.swift; path = DataNow.swift; sourceTree = "<group>"; };
		789D67A423451EC200139F80 /* SubCategoryViewController.swift */ = {isa = PBXFileReference; lastKnownFileType = sourcecode.swift; path = SubCategoryViewController.swift; sourceTree = "<group>"; };
		789D67C623476E1800139F80 /* ImageShopItemCell.swift */ = {isa = PBXFileReference; lastKnownFileType = sourcecode.swift; path = ImageShopItemCell.swift; sourceTree = "<group>"; };
		789D67C92347777A00139F80 /* CartItemController.swift */ = {isa = PBXFileReference; lastKnownFileType = sourcecode.swift; path = CartItemController.swift; sourceTree = "<group>"; };
		78A5B3082347D62100DB52BD /* Roboto-Regular.ttf */ = {isa = PBXFileReference; lastKnownFileType = file; name = "Roboto-Regular.ttf"; path = "../../../../../../Downloads/Roboto-2/Roboto-Regular.ttf"; sourceTree = "<group>"; };
		78A5B30A23493FBB00DB52BD /* CustomPageControl.swift */ = {isa = PBXFileReference; lastKnownFileType = sourcecode.swift; path = CustomPageControl.swift; sourceTree = "<group>"; };
		78A5B30C2349D13D00DB52BD /* SizeView.swift */ = {isa = PBXFileReference; lastKnownFileType = sourcecode.swift; path = SizeView.swift; sourceTree = "<group>"; };
/* End PBXFileReference section */

/* Begin PBXFrameworksBuildPhase section */
		789D67562343418700139F80 /* Frameworks */ = {
			isa = PBXFrameworksBuildPhase;
			buildActionMask = 2147483647;
			files = (
			);
			runOnlyForDeploymentPostprocessing = 0;
		};
/* End PBXFrameworksBuildPhase section */

/* Begin PBXGroup section */
		789D67502343418700139F80 = {
			isa = PBXGroup;
			children = (
				789D675B2343418700139F80 /* Shop */,
				789D675A2343418700139F80 /* Products */,
			);
			sourceTree = "<group>";
		};
		789D675A2343418700139F80 /* Products */ = {
			isa = PBXGroup;
			children = (
				789D67592343418700139F80 /* Shop.app */,
			);
			name = Products;
			sourceTree = "<group>";
		};
		789D675B2343418700139F80 /* Shop */ = {
			isa = PBXGroup;
			children = (
				789D677C2343783A00139F80 /* MainViewController.swift */,
				78A5B30E2349E52A00DB52BD /* CartItem */,
				789D6782234387BC00139F80 /* CategoryView */,
				789D67872344767200139F80 /* ShopListView */,
				789D675C2343418700139F80 /* AppDelegate.swift */,
				789D67A32344E15B00139F80 /* data */,
				789D675E2343418700139F80 /* SceneDelegate.swift */,
				789D67652343418700139F80 /* Assets.xcassets */,
				789D67672343418700139F80 /* LaunchScreen.storyboard */,
				789D676A2343418700139F80 /* Info.plist */,
				789D67892344C74900139F80 /* fonts */,
			);
			path = Shop;
			sourceTree = "<group>";
		};
		789D6782234387BC00139F80 /* CategoryView */ = {
			isa = PBXGroup;
			children = (
				789D677E2343785500139F80 /* CategoryViewController.swift */,
				789D67A423451EC200139F80 /* SubCategoryViewController.swift */,
				789D678023437A7600139F80 /* CategoryTableViewCell.swift */,
			);
			path = CategoryView;
			sourceTree = "<group>";
		};
		789D67872344767200139F80 /* ShopListView */ = {
			isa = PBXGroup;
			children = (
				789D678323438D3A00139F80 /* ShopListViewController.swift */,
				789D67C82347708F00139F80 /* cell */,
			);
			path = ShopListView;
			sourceTree = "<group>";
		};
		789D67892344C74900139F80 /* fonts */ = {
			isa = PBXGroup;
			children = (
				78A5B3082347D62100DB52BD /* Roboto-Regular.ttf */,
				789D678A2344C75000139F80 /* roboto.ttf */,
			);
			path = fonts;
			sourceTree = "<group>";
		};
		789D67A32344E15B00139F80 /* data */ = {
			isa = PBXGroup;
			children = (
				789D67A12344E15700139F80 /* DataNow.swift */,
				789D679F2344D88700139F80 /* PersistanceData.swift */,
				789D679D2344CCF600139F80 /* DataLoader.swift */,
			);
			path = data;
			sourceTree = "<group>";
		};
		789D67C82347708F00139F80 /* cell */ = {
			isa = PBXGroup;
			children = (
				789D67C623476E1800139F80 /* ImageShopItemCell.swift */,
				789D678523438F9400139F80 /* ShopItemViewCell.swift */,
			);
			path = cell;
			sourceTree = "<group>";
		};
		78A5B30E2349E52A00DB52BD /* CartItem */ = {
			isa = PBXGroup;
			children = (
				789D67C92347777A00139F80 /* CartItemController.swift */,
				78A5B30C2349D13D00DB52BD /* SizeView.swift */,
				78A5B30A23493FBB00DB52BD /* CustomPageControl.swift */,
			);
			path = CartItem;
			sourceTree = "<group>";
		};
/* End PBXGroup section */

/* Begin PBXNativeTarget section */
		789D67582343418700139F80 /* Shop */ = {
			isa = PBXNativeTarget;
			buildConfigurationList = 789D676D2343418700139F80 /* Build configuration list for PBXNativeTarget "Shop" */;
			buildPhases = (
				789D67552343418700139F80 /* Sources */,
				789D67562343418700139F80 /* Frameworks */,
				789D67572343418700139F80 /* Resources */,
				789D679C2344CC2A00139F80 /* ShellScript */,
			);
			buildRules = (
			);
			dependencies = (
			);
			name = Shop;
			productName = Shop;
			productReference = 789D67592343418700139F80 /* Shop.app */;
			productType = "com.apple.product-type.application";
		};
/* End PBXNativeTarget section */

/* Begin PBXProject section */
		789D67512343418700139F80 /* Project object */ = {
			isa = PBXProject;
			attributes = {
				LastSwiftUpdateCheck = 1100;
				LastUpgradeCheck = 1100;
				ORGANIZATIONNAME = "Mahutin Aleksei";
				TargetAttributes = {
					789D67582343418700139F80 = {
						CreatedOnToolsVersion = 11.0;
					};
				};
			};
			buildConfigurationList = 789D67542343418700139F80 /* Build configuration list for PBXProject "Shop" */;
			compatibilityVersion = "Xcode 9.3";
			developmentRegion = en;
			hasScannedForEncodings = 0;
			knownRegions = (
				en,
				Base,
			);
			mainGroup = 789D67502343418700139F80;
			productRefGroup = 789D675A2343418700139F80 /* Products */;
			projectDirPath = "";
			projectRoot = "";
			targets = (
				789D67582343418700139F80 /* Shop */,
			);
		};
/* End PBXProject section */

/* Begin PBXResourcesBuildPhase section */
		789D67572343418700139F80 /* Resources */ = {
			isa = PBXResourcesBuildPhase;
			buildActionMask = 2147483647;
			files = (
				78A5B3092347D88900DB52BD /* Roboto-Regular.ttf in Resources */,
				789D67692343418700139F80 /* LaunchScreen.storyboard in Resources */,
				789D67662343418700139F80 /* Assets.xcassets in Resources */,
				789D678B2344C75500139F80 /* roboto.ttf in Resources */,
			);
			runOnlyForDeploymentPostprocessing = 0;
		};
/* End PBXResourcesBuildPhase section */

/* Begin PBXShellScriptBuildPhase section */
		789D679C2344CC2A00139F80 /* ShellScript */ = {
			isa = PBXShellScriptBuildPhase;
			buildActionMask = 2147483647;
			files = (
			);
			inputFileListPaths = (
			);
			inputPaths = (
				"$(SRCROOT)/Carthage/Build/iOS/Alamofire.framework",
				"$(SRCROOT)/Carthage/Build/iOS/Realm.framework",
				"$(SRCROOT)/Carthage/Build/iOS/RealmSwift.framework",
			);
			outputFileListPaths = (
			);
			outputPaths = (
			);
			runOnlyForDeploymentPostprocessing = 0;
			shellPath = /bin/sh;
			shellScript = "/usr/local/bin/carthage copy-frameworks\n\n";
		};
/* End PBXShellScriptBuildPhase section */

/* Begin PBXSourcesBuildPhase section */
		789D67552343418700139F80 /* Sources */ = {
			isa = PBXSourcesBuildPhase;
			buildActionMask = 2147483647;
			files = (
				789D67CA2347777A00139F80 /* CartItemController.swift in Sources */,
				789D67A22344E15700139F80 /* DataNow.swift in Sources */,
				789D678123437A7600139F80 /* CategoryTableViewCell.swift in Sources */,
				78A5B30D2349D13D00DB52BD /* SizeView.swift in Sources */,
				789D675D2343418700139F80 /* AppDelegate.swift in Sources */,
				789D678423438D3A00139F80 /* ShopListViewController.swift in Sources */,
				789D67A02344D88700139F80 /* PersistanceData.swift in Sources */,
				789D67A523451EC200139F80 /* SubCategoryViewController.swift in Sources */,
				789D67C723476E1800139F80 /* ImageShopItemCell.swift in Sources */,
				789D678623438F9400139F80 /* ShopItemViewCell.swift in Sources */,
				789D679E2344CCF600139F80 /* DataLoader.swift in Sources */,
				789D677F2343785500139F80 /* CategoryViewController.swift in Sources */,
				78A5B30B23493FBB00DB52BD /* CustomPageControl.swift in Sources */,
				789D675F2343418700139F80 /* SceneDelegate.swift in Sources */,
				789D677D2343783A00139F80 /* MainViewController.swift in Sources */,
			);
			runOnlyForDeploymentPostprocessing = 0;
		};
/* End PBXSourcesBuildPhase section */

/* Begin PBXVariantGroup section */
		789D67672343418700139F80 /* LaunchScreen.storyboard */ = {
			isa = PBXVariantGroup;
			children = (
				789D67682343418700139F80 /* Base */,
			);
			name = LaunchScreen.storyboard;
			sourceTree = "<group>";
		};
/* End PBXVariantGroup section */

/* Begin XCBuildConfiguration section */
		789D676B2343418700139F80 /* Debug */ = {
			isa = XCBuildConfiguration;
			buildSettings = {
				ALWAYS_SEARCH_USER_PATHS = NO;
				CLANG_ANALYZER_NONNULL = YES;
				CLANG_ANALYZER_NUMBER_OBJECT_CONVERSION = YES_AGGRESSIVE;
				CLANG_CXX_LANGUAGE_STANDARD = "gnu++14";
				CLANG_CXX_LIBRARY = "libc++";
				CLANG_ENABLE_MODULES = YES;
				CLANG_ENABLE_OBJC_ARC = YES;
				CLANG_ENABLE_OBJC_WEAK = YES;
				CLANG_WARN_BLOCK_CAPTURE_AUTORELEASING = YES;
				CLANG_WARN_BOOL_CONVERSION = YES;
				CLANG_WARN_COMMA = YES;
				CLANG_WARN_CONSTANT_CONVERSION = YES;
				CLANG_WARN_DEPRECATED_OBJC_IMPLEMENTATIONS = YES;
				CLANG_WARN_DIRECT_OBJC_ISA_USAGE = YES_ERROR;
				CLANG_WARN_DOCUMENTATION_COMMENTS = YES;
				CLANG_WARN_EMPTY_BODY = YES;
				CLANG_WARN_ENUM_CONVERSION = YES;
				CLANG_WARN_INFINITE_RECURSION = YES;
				CLANG_WARN_INT_CONVERSION = YES;
				CLANG_WARN_NON_LITERAL_NULL_CONVERSION = YES;
				CLANG_WARN_OBJC_IMPLICIT_RETAIN_SELF = YES;
				CLANG_WARN_OBJC_LITERAL_CONVERSION = YES;
				CLANG_WARN_OBJC_ROOT_CLASS = YES_ERROR;
				CLANG_WARN_RANGE_LOOP_ANALYSIS = YES;
				CLANG_WARN_STRICT_PROTOTYPES = YES;
				CLANG_WARN_SUSPICIOUS_MOVE = YES;
				CLANG_WARN_UNGUARDED_AVAILABILITY = YES_AGGRESSIVE;
				CLANG_WARN_UNREACHABLE_CODE = YES;
				CLANG_WARN__DUPLICATE_METHOD_MATCH = YES;
				COPY_PHASE_STRIP = NO;
				DEBUG_INFORMATION_FORMAT = dwarf;
				ENABLE_STRICT_OBJC_MSGSEND = YES;
				ENABLE_TESTABILITY = YES;
				GCC_C_LANGUAGE_STANDARD = gnu11;
				GCC_DYNAMIC_NO_PIC = NO;
				GCC_NO_COMMON_BLOCKS = YES;
				GCC_OPTIMIZATION_LEVEL = 0;
				GCC_PREPROCESSOR_DEFINITIONS = (
					"DEBUG=1",
					"$(inherited)",
				);
				GCC_WARN_64_TO_32_BIT_CONVERSION = YES;
				GCC_WARN_ABOUT_RETURN_TYPE = YES_ERROR;
				GCC_WARN_UNDECLARED_SELECTOR = YES;
				GCC_WARN_UNINITIALIZED_AUTOS = YES_AGGRESSIVE;
				GCC_WARN_UNUSED_FUNCTION = YES;
				GCC_WARN_UNUSED_VARIABLE = YES;
				IPHONEOS_DEPLOYMENT_TARGET = 13.0;
				MTL_ENABLE_DEBUG_INFO = INCLUDE_SOURCE;
				MTL_FAST_MATH = YES;
				ONLY_ACTIVE_ARCH = YES;
				SDKROOT = iphoneos;
				SWIFT_ACTIVE_COMPILATION_CONDITIONS = DEBUG;
				SWIFT_OPTIMIZATION_LEVEL = "-Onone";
			};
			name = Debug;
		};
		789D676C2343418700139F80 /* Release */ = {
			isa = XCBuildConfiguration;
			buildSettings = {
				ALWAYS_SEARCH_USER_PATHS = NO;
				CLANG_ANALYZER_NONNULL = YES;
				CLANG_ANALYZER_NUMBER_OBJECT_CONVERSION = YES_AGGRESSIVE;
				CLANG_CXX_LANGUAGE_STANDARD = "gnu++14";
				CLANG_CXX_LIBRARY = "libc++";
				CLANG_ENABLE_MODULES = YES;
				CLANG_ENABLE_OBJC_ARC = YES;
				CLANG_ENABLE_OBJC_WEAK = YES;
				CLANG_WARN_BLOCK_CAPTURE_AUTORELEASING = YES;
				CLANG_WARN_BOOL_CONVERSION = YES;
				CLANG_WARN_COMMA = YES;
				CLANG_WARN_CONSTANT_CONVERSION = YES;
				CLANG_WARN_DEPRECATED_OBJC_IMPLEMENTATIONS = YES;
				CLANG_WARN_DIRECT_OBJC_ISA_USAGE = YES_ERROR;
				CLANG_WARN_DOCUMENTATION_COMMENTS = YES;
				CLANG_WARN_EMPTY_BODY = YES;
				CLANG_WARN_ENUM_CONVERSION = YES;
				CLANG_WARN_INFINITE_RECURSION = YES;
				CLANG_WARN_INT_CONVERSION = YES;
				CLANG_WARN_NON_LITERAL_NULL_CONVERSION = YES;
				CLANG_WARN_OBJC_IMPLICIT_RETAIN_SELF = YES;
				CLANG_WARN_OBJC_LITERAL_CONVERSION = YES;
				CLANG_WARN_OBJC_ROOT_CLASS = YES_ERROR;
				CLANG_WARN_RANGE_LOOP_ANALYSIS = YES;
				CLANG_WARN_STRICT_PROTOTYPES = YES;
				CLANG_WARN_SUSPICIOUS_MOVE = YES;
				CLANG_WARN_UNGUARDED_AVAILABILITY = YES_AGGRESSIVE;
				CLANG_WARN_UNREACHABLE_CODE = YES;
				CLANG_WARN__DUPLICATE_METHOD_MATCH = YES;
				COPY_PHASE_STRIP = NO;
				DEBUG_INFORMATION_FORMAT = "dwarf-with-dsym";
				ENABLE_NS_ASSERTIONS = NO;
				ENABLE_STRICT_OBJC_MSGSEND = YES;
				GCC_C_LANGUAGE_STANDARD = gnu11;
				GCC_NO_COMMON_BLOCKS = YES;
				GCC_WARN_64_TO_32_BIT_CONVERSION = YES;
				GCC_WARN_ABOUT_RETURN_TYPE = YES_ERROR;
				GCC_WARN_UNDECLARED_SELECTOR = YES;
				GCC_WARN_UNINITIALIZED_AUTOS = YES_AGGRESSIVE;
				GCC_WARN_UNUSED_FUNCTION = YES;
				GCC_WARN_UNUSED_VARIABLE = YES;
				IPHONEOS_DEPLOYMENT_TARGET = 13.0;
				MTL_ENABLE_DEBUG_INFO = NO;
				MTL_FAST_MATH = YES;
				SDKROOT = iphoneos;
				SWIFT_COMPILATION_MODE = wholemodule;
				SWIFT_OPTIMIZATION_LEVEL = "-O";
				VALIDATE_PRODUCT = YES;
			};
			name = Release;
		};
		789D676E2343418700139F80 /* Debug */ = {
			isa = XCBuildConfiguration;
			buildSettings = {
				ASSETCATALOG_COMPILER_APPICON_NAME = AppIcon;
				CODE_SIGN_STYLE = Automatic;
				DEVELOPMENT_TEAM = MZTVVF39C7;
				FRAMEWORK_SEARCH_PATHS = (
					"$(inherited)",
					"$(PROJECT_DIR)/Carthage/Build/iOS",
				);
				INFOPLIST_FILE = Shop/Info.plist;
				LD_RUNPATH_SEARCH_PATHS = (
					"$(inherited)",
					"@executable_path/Frameworks",
				);
				PRODUCT_BUNDLE_IDENTIFIER = "Mahutin-Aleksei.Shop";
				PRODUCT_NAME = "$(TARGET_NAME)";
				SWIFT_VERSION = 5.0;
				TARGETED_DEVICE_FAMILY = "1,2";
			};
			name = Debug;
		};
		789D676F2343418700139F80 /* Release */ = {
			isa = XCBuildConfiguration;
			buildSettings = {
				ASSETCATALOG_COMPILER_APPICON_NAME = AppIcon;
				CODE_SIGN_STYLE = Automatic;
				DEVELOPMENT_TEAM = MZTVVF39C7;
				FRAMEWORK_SEARCH_PATHS = (
					"$(inherited)",
					"$(PROJECT_DIR)/Carthage/Build/iOS",
				);
				INFOPLIST_FILE = Shop/Info.plist;
				LD_RUNPATH_SEARCH_PATHS = (
					"$(inherited)",
					"@executable_path/Frameworks",
				);
				PRODUCT_BUNDLE_IDENTIFIER = "Mahutin-Aleksei.Shop";
				PRODUCT_NAME = "$(TARGET_NAME)";
				SWIFT_VERSION = 5.0;
				TARGETED_DEVICE_FAMILY = "1,2";
			};
			name = Release;
		};
/* End XCBuildConfiguration section */

/* Begin XCConfigurationList section */
		789D67542343418700139F80 /* Build configuration list for PBXProject "Shop" */ = {
			isa = XCConfigurationList;
			buildConfigurations = (
				789D676B2343418700139F80 /* Debug */,
				789D676C2343418700139F80 /* Release */,
			);
			defaultConfigurationIsVisible = 0;
			defaultConfigurationName = Release;
		};
		789D676D2343418700139F80 /* Build configuration list for PBXNativeTarget "Shop" */ = {
			isa = XCConfigurationList;
			buildConfigurations = (
				789D676E2343418700139F80 /* Debug */,
				789D676F2343418700139F80 /* Release */,
			);
			defaultConfigurationIsVisible = 0;
			defaultConfigurationName = Release;
		};
/* End XCConfigurationList section */
	};
	rootObject = 789D67512343418700139F80 /* Project object */;
}
